
Microsoft Visual Studio Solution File, Format Version 12.00
Project("{FAE04EC0-301F-11D3-BF4B-00C04F79EFBC}") = "FoDicomPractice", "FoDicomPractice\FoDicomPractice.csproj", "{A6256E43-E7E9-44E1-AC6C-FEA71D34F036}"
EndProject
Global
	GlobalSection(SolutionConfigurationPlatforms) = preSolution
		Debug|Any CPU = Debug|Any CPU
		Release|Any CPU = Release|Any CPU
	EndGlobalSection
	GlobalSection(ProjectConfigurationPlatforms) = postSolution
		{A6256E43-E7E9-44E1-AC6C-FEA71D34F036}.Debug|Any CPU.ActiveCfg = Debug|Any CPU
		{A6256E43-E7E9-44E1-AC6C-FEA71D34F036}.Debug|Any CPU.Build.0 = Debug|Any CPU
		{A6256E43-E7E9-44E1-AC6C-FEA71D34F036}.Release|Any CPU.ActiveCfg = Release|Any CPU
		{A6256E43-E7E9-44E1-AC6C-FEA71D34F036}.Release|Any CPU.Build.0 = Release|Any CPU
	EndGlobalSection
EndGlobal
